<?xml version="1.0" encoding="utf-8"?>
<Project ToolsVersion="4.0" xmlns="http://schemas.microsoft.com/developer/msbuild/2003">
  <ItemGroup>
    <Filter Include="Source Files">
      <UniqueIdentifier>{4FC737F1-C7A5-4376-A066-2A32D752A2FF}</UniqueIdentifier>
      <Extensions>cpp;c;cc;cxx;def;odl;idl;hpj;bat;asm;asmx</Extensions>
    </Filter>
    <Filter Include="Header Files">
      <UniqueIdentifier>{93995380-89BD-4b04-88EB-625FBE52EBFB}</UniqueIdentifier>
      <Extensions>h;hh;hpp;hxx;hm;inl;inc;ipp;xsd</Extensions>
    </Filter>
    <Filter Include="Resource Files">
      <UniqueIdentifier>{67DA6AB6-F800-4c08-8B7A-83BB121AAD01}</UniqueIdentifier>
      <Extensions>rc;ico;cur;bmp;dlg;rc2;rct;bin;rgs;gif;jpg;jpeg;jpe;resx;tiff;tif;png;wav;mfcribbon-ms</Extensions>
    </Filter>
    <Filter Include="Header Files\UI">
      <UniqueIdentifier>{beb06c1d-b27f-4352-8923-daa718f50e39}</UniqueIdentifier>
    </Filter>
    <Filter Include="Header Files\Event System">
      <UniqueIdentifier>{41c1b161-e03a-4689-8269-cd41dcc19fd8}</UniqueIdentifier>
    </Filter>
    <Filter Include="Header Files\World">
      <UniqueIdentifier>{458d486a-f51f-4187-a7ed-78df47cd5fac}</UniqueIdentifier>
    </Filter>
    <Filter Include="Source Files\World">
      <UniqueIdentifier>{f8b9cd99-cb67-4b07-af68-47ade35440aa}</UniqueIdentifier>
    </Filter>
    <Filter Include="Header Files\World\Ant">
      <UniqueIdentifier>{d30a1187-66f4-4c80-b04e-550f45ef7eab}</UniqueIdentifier>
    </Filter>
    <Filter Include="Header Files\World\Maps">
      <UniqueIdentifier>{4a360f2a-e9e6-4494-828a-9222cba19f12}</UniqueIdentifier>
    </Filter>
    <Filter Include="Header Files\World\Ant\Drivers">
      <UniqueIdentifier>{66407dda-94ac-4117-a3de-2927a8ba2842}</UniqueIdentifier>
    </Filter>
    <Filter Include="Header Files\World\Ant\Tasks">
      <UniqueIdentifier>{946f84f2-803c-40f9-880d-d430ec871782}</UniqueIdentifier>
    </Filter>
    <Filter Include="Header Files\World\Ant\Actions">
      <UniqueIdentifier>{601aa6b3-ec3b-4205-a4e8-ef4773da8ce9}</UniqueIdentifier>
    </Filter>
    <Filter Include="Header Files\World\Factories">
      <UniqueIdentifier>{387e00af-4cbc-4d15-a884-3567a3ca4855}</UniqueIdentifier>
    </Filter>
    <Filter Include="Header Files\World\Utility">
      <UniqueIdentifier>{591b8e27-46c8-4a76-97aa-7f7ea8c9de7c}</UniqueIdentifier>
    </Filter>
    <Filter Include="Header Files\Old">
      <UniqueIdentifier>{162cc311-56b3-41f3-bf3b-3d21628c0c35}</UniqueIdentifier>
    </Filter>
  </ItemGroup>
  <ItemGroup>
    <ClCompile Include="main.cpp">
      <Filter>Source Files</Filter>
    </ClCompile>
    <ClCompile Include="Controller.cpp">
      <Filter>Source Files</Filter>
    </ClCompile>
    <ClCompile Include="commandline.cpp">
      <Filter>Source Files</Filter>
    </ClCompile>
    <ClCompile Include="Command.cpp">
      <Filter>Source Files</Filter>
    </ClCompile>
    <ClCompile Include="World.cpp">
      <Filter>Source Files\World</Filter>
    </ClCompile>
    <ClCompile Include="Vector2.cpp">
      <Filter>Source Files</Filter>
    </ClCompile>
    <ClCompile Include="Graphic.cpp">
      <Filter>Source Files</Filter>
    </ClCompile>
    <ClCompile Include="Ant.cpp">
      <Filter>Source Files\World</Filter>
    </ClCompile>
    <ClCompile Include="AntContainer.cpp">
      <Filter>Source Files\World</Filter>
    </ClCompile>
    <ClCompile Include="Body.cpp">
      <Filter>Source Files\World</Filter>
    </ClCompile>
    <ClCompile Include="Pheromones.cpp">
      <Filter>Source Files\World</Filter>
    </ClCompile>
    <ClCompile Include="ActionDriver.cpp">
      <Filter>Source Files</Filter>
    </ClCompile>
    <ClCompile Include="SensorDriver.cpp">
      <Filter>Source Files</Filter>
    </ClCompile>
    <ClCompile Include="Pheromones2.cpp">
      <Filter>Source Files</Filter>
    </ClCompile>
    <ClCompile Include="CollisionMap.cpp">
      <Filter>Source Files</Filter>
    </ClCompile>
    <ClCompile Include="EntityMap.cpp">
      <Filter>Source Files</Filter>
    </ClCompile>
    <ClCompile Include="Job.cpp">
      <Filter>Source Files</Filter>
    </ClCompile>
    <ClCompile Include="JobFactory.cpp">
      <Filter>Source Files</Filter>
    </ClCompile>
    <ClCompile Include="TaskDriver.cpp">
      <Filter>Source Files</Filter>
    </ClCompile>
    <ClCompile Include="PheromoneDriver.cpp">
      <Filter>Source Files</Filter>
    </ClCompile>
    <ClCompile Include="TaskList.cpp">
      <Filter>Source Files</Filter>
    </ClCompile>
    <ClCompile Include="GraphicAnt.cpp">
      <Filter>Source Files</Filter>
    </ClCompile>
    <ClCompile Include="JobMap.cpp">
      <Filter>Source Files</Filter>
    </ClCompile>
    <ClCompile Include="Entity.cpp">
      <Filter>Source Files</Filter>
    </ClCompile>
    <ClCompile Include="Conditions.cpp">
      <Filter>Source Files</Filter>
    </ClCompile>
    <ClCompile Include="Packet.cpp">
      <Filter>Source Files</Filter>
    </ClCompile>
    <ClCompile Include="TaskPheromoneController.cpp">
      <Filter>Header Files\World\Ant\Tasks</Filter>
    </ClCompile>
    <ClCompile Include="ActionExplore.cpp">
      <Filter>Header Files\World\Ant\Actions</Filter>
    </ClCompile>
    <ClCompile Include="ActionFollowTrail.cpp">
      <Filter>Header Files\World\Ant\Actions</Filter>
    </ClCompile>
    <ClCompile Include="ActionGoTowardNearbyTask.cpp">
      <Filter>Header Files\World\Ant\Actions</Filter>
    </ClCompile>
    <ClCompile Include="ActionHold.cpp">
      <Filter>Header Files\World\Ant\Actions</Filter>
    </ClCompile>
    <ClCompile Include="PheromoneId.cpp">
      <Filter>Source Files</Filter>
    </ClCompile>
    <ClCompile Include="GraohicJob.cpp">
      <Filter>Source Files</Filter>
    </ClCompile>
    <ClCompile Include="PheromoneUtility.cpp">
      <Filter>Source Files</Filter>
    </ClCompile>
    <ClCompile Include="GraphicsUtility.cpp">
      <Filter>Source Files</Filter>
    </ClCompile>
    <ClCompile Include="Timer.cpp">
      <Filter>Source Files</Filter>
    </ClCompile>
    <ClCompile Include="Input.cpp">
      <Filter>Source Files</Filter>
    </ClCompile>
    <ClCompile Include="RigidBodyMap.cpp">
      <Filter>Source Files</Filter>
    </ClCompile>
    <ClCompile Include="ObstacleMap.cpp">
      <Filter>Source Files</Filter>
    </ClCompile>
    <ClCompile Include="MapContainer.cpp">
      <Filter>Source Files</Filter>
    </ClCompile>
    <ClCompile Include="TerrainFactory.cpp">
      <Filter>Source Files</Filter>
    </ClCompile>
    <ClCompile Include="Logger.cpp">
      <Filter>Source Files</Filter>
    </ClCompile>
    <ClCompile Include="Pathfinder.cpp">
      <Filter>Source Files</Filter>
    </ClCompile>
    <ClCompile Include="CentralController.cpp">
      <Filter>Source Files</Filter>
    </ClCompile>
    <ClCompile Include="ActionGoToPoint.cpp">
      <Filter>Source Files</Filter>
    </ClCompile>
    <ClCompile Include="PathArchive.cpp">
      <Filter>Source Files</Filter>
    </ClCompile>
  </ItemGroup>
  <ItemGroup>
    <ClInclude Include="Controller.h">
      <Filter>Header Files</Filter>
    </ClInclude>
    <ClInclude Include="main.h">
      <Filter>Header Files</Filter>
    </ClInclude>
    <ClInclude Include="Core.h">
      <Filter>Header Files</Filter>
    </ClInclude>
    <ClInclude Include="commonFuctions.h">
      <Filter>Header Files</Filter>
    </ClInclude>
    <ClInclude Include="callbacklist.h">
      <Filter>Header Files\UI</Filter>
    </ClInclude>
    <ClInclude Include="commandline.h">
      <Filter>Header Files\UI</Filter>
    </ClInclude>
    <ClInclude Include="value.h">
      <Filter>Header Files\Event System</Filter>
    </ClInclude>
    <ClInclude Include="event.h">
      <Filter>Header Files\Event System</Filter>
    </ClInclude>
    <ClInclude Include="observer.h">
      <Filter>Header Files\Event System</Filter>
    </ClInclude>
    <ClInclude Include="World.h">
      <Filter>Header Files\World</Filter>
    </ClInclude>
    <ClInclude Include="Vector2.h">
      <Filter>Header Files</Filter>
    </ClInclude>
    <ClInclude Include="Graphic.h">
      <Filter>Header Files\UI</Filter>
    </ClInclude>
    <ClInclude Include="Command.h">
      <Filter>Header Files\UI</Filter>
    </ClInclude>
    <ClInclude Include="AntContainer.h">
      <Filter>Header Files\World</Filter>
    </ClInclude>
    <ClInclude Include="Config.h">
      <Filter>Header Files</Filter>
    </ClInclude>
    <ClInclude Include="ActionDriver.h">
      <Filter>Header Files\World\Ant\Actions</Filter>
    </ClInclude>
    <ClInclude Include="ActionHold.h">
      <Filter>Header Files\World\Ant\Actions</Filter>
    </ClInclude>
    <ClInclude Include="ActionFollowTrail.h">
      <Filter>Header Files\World\Ant\Actions</Filter>
    </ClInclude>
    <ClInclude Include="TaskDriver.h">
      <Filter>Header Files\World\Ant\Tasks</Filter>
    </ClInclude>
    <ClInclude Include="TaskPheromoneController.h">
      <Filter>Header Files\World\Ant\Tasks</Filter>
    </ClInclude>
    <ClInclude Include="ActionExplore.h">
      <Filter>Header Files\World\Ant\Actions</Filter>
    </ClInclude>
    <ClInclude Include="ActionGoTowardNearbyTask.h">
      <Filter>Header Files\World\Ant\Actions</Filter>
    </ClInclude>
    <ClInclude Include="TaskCentralControl.h">
      <Filter>Header Files\World\Ant\Tasks</Filter>
    </ClInclude>
    <ClInclude Include="TaskChanger.h">
      <Filter>Header Files\World\Ant\Tasks</Filter>
    </ClInclude>
    <ClInclude Include="TaskList.h">
      <Filter>Header Files\World\Ant\Tasks</Filter>
    </ClInclude>
    <ClInclude Include="Timer.h">
      <Filter>Header Files</Filter>
    </ClInclude>
    <ClInclude Include="Logger.h">
      <Filter>Header Files</Filter>
    </ClInclude>
    <ClInclude Include="GraphicAnt.h">
      <Filter>Header Files\UI</Filter>
    </ClInclude>
    <ClInclude Include="GraphicJob.h">
      <Filter>Header Files\UI</Filter>
    </ClInclude>
    <ClInclude Include="GraphicsUtility.h">
      <Filter>Header Files\UI</Filter>
    </ClInclude>
    <ClInclude Include="CentralController.h">
      <Filter>Header Files\World</Filter>
    </ClInclude>
    <ClInclude Include="Entity.h">
      <Filter>Header Files\World</Filter>
    </ClInclude>
    <ClInclude Include="Job.h">
      <Filter>Header Files\World</Filter>
    </ClInclude>
    <ClInclude Include="ActionGoToPoint.h">
      <Filter>Header Files\World\Ant\Actions</Filter>
    </ClInclude>
    <ClInclude Include="Ant.h">
      <Filter>Header Files\World\Ant</Filter>
    </ClInclude>
    <ClInclude Include="Body.h">
      <Filter>Header Files\World\Ant</Filter>
    </ClInclude>
    <ClInclude Include="CollisionMap.h">
      <Filter>Header Files\World\Maps</Filter>
    </ClInclude>
    <ClInclude Include="ObstacleMap.h">
      <Filter>Header Files\World\Maps</Filter>
    </ClInclude>
    <ClInclude Include="RigidBodyMap.h">
      <Filter>Header Files\World\Maps</Filter>
    </ClInclude>
    <ClInclude Include="PheromoneDriver.h">
      <Filter>Header Files\World\Ant\Drivers</Filter>
    </ClInclude>
    <ClInclude Include="SensorDriver.h">
      <Filter>Header Files\World\Ant\Drivers</Filter>
    </ClInclude>
    <ClInclude Include="MapContainer.h">
      <Filter>Header Files\World\Maps</Filter>
    </ClInclude>
    <ClInclude Include="JobMap.h">
      <Filter>Header Files\World\Maps</Filter>
    </ClInclude>
    <ClInclude Include="EntityMap.h">
      <Filter>Header Files\World\Maps</Filter>
    </ClInclude>
    <ClInclude Include="PathArchive.h">
      <Filter>Header Files\World\Maps</Filter>
    </ClInclude>
    <ClInclude Include="Pheromones2.h">
      <Filter>Header Files\World\Maps</Filter>
    </ClInclude>
    <ClInclude Include="JobFactory.h">
      <Filter>Header Files\World\Factories</Filter>
    </ClInclude>
    <ClInclude Include="TerrainFactory.h">
      <Filter>Header Files\World\Factories</Filter>
    </ClInclude>
    <ClInclude Include="Pathfinder.h">
      <Filter>Header Files\World\Ant</Filter>
    </ClInclude>
    <ClInclude Include="PheromoneUtility.h">
      <Filter>Header Files\World\Utility</Filter>
    </ClInclude>
    <ClInclude Include="PheromoneId.h">
      <Filter>Header Files\World\Utility</Filter>
    </ClInclude>
    <ClInclude Include="Packet.h">
      <Filter>Header Files\World\Utility</Filter>
    </ClInclude>
    <ClInclude Include="Pheromones.h">
      <Filter>Header Files</Filter>
    </ClInclude>
    <ClInclude Include="Conditions.h">
      <Filter>Header Files\World</Filter>
    </ClInclude>
    <ClInclude Include="Input.h">
      <Filter>Header Files\UI</Filter>
    </ClInclude>
  </ItemGroup>
  <ItemGroup>
    <Font Include="arial.ttf">
      <Filter>Resource Files</Filter>
    </Font>
    <Font Include="arialbd.ttf">
      <Filter>Resource Files</Filter>
    </Font>
    <Font Include="arialbi.ttf">
      <Filter>Resource Files</Filter>
    </Font>
    <Font Include="ariali.ttf">
      <Filter>Resource Files</Filter>
    </Font>
    <Font Include="ARIALN.TTF">
      <Filter>Resource Files</Filter>
    </Font>
    <Font Include="ARIALNB.TTF">
      <Filter>Resource Files</Filter>
    </Font>
    <Font Include="ARIALNBI.TTF">
      <Filter>Resource Files</Filter>
    </Font>
    <Font Include="ARIALNI.TTF">
      <Filter>Resource Files</Filter>
    </Font>
    <Font Include="ariblk.ttf">
      <Filter>Resource Files</Filter>
    </Font>
  </ItemGroup>
</Project>