<?xml version="1.0" encoding="utf-8"?>
<Project ToolsVersion="4.0" xmlns="http://schemas.microsoft.com/developer/msbuild/2003">
  <ItemGroup>
    <Filter Include="Source Files">
      <UniqueIdentifier>{4FC737F1-C7A5-4376-A066-2A32D752A2FF}</UniqueIdentifier>
      <Extensions>cpp;c;cc;cxx;def;odl;idl;hpj;bat;asm;asmx</Extensions>
    </Filter>
    <Filter Include="Header Files">
      <UniqueIdentifier>{93995380-89BD-4b04-88EB-625FBE52EBFB}</UniqueIdentifier>
      <Extensions>h;hh;hpp;hxx;hm;inl;inc;ipp;xsd</Extensions>
    </Filter>
    <Filter Include="Resource Files">
      <UniqueIdentifier>{67DA6AB6-F800-4c08-8B7A-83BB121AAD01}</UniqueIdentifier>
      <Extensions>rc;ico;cur;bmp;dlg;rc2;rct;bin;rgs;gif;jpg;jpeg;jpe;resx;tiff;tif;png;wav;mfcribbon-ms</Extensions>
    </Filter>
    <Filter Include="Header Files\UI">
      <UniqueIdentifier>{beb06c1d-b27f-4352-8923-daa718f50e39}</UniqueIdentifier>
    </Filter>
    <Filter Include="Header Files\Event System">
      <UniqueIdentifier>{41c1b161-e03a-4689-8269-cd41dcc19fd8}</UniqueIdentifier>
    </Filter>
    <Filter Include="Header Files\World">
      <UniqueIdentifier>{458d486a-f51f-4187-a7ed-78df47cd5fac}</UniqueIdentifier>
    </Filter>
    <Filter Include="Source Files\World">
      <UniqueIdentifier>{f8b9cd99-cb67-4b07-af68-47ade35440aa}</UniqueIdentifier>
    </Filter>
  </ItemGroup>
  <ItemGroup>
    <ClCompile Include="main.cpp">
      <Filter>Source Files</Filter>
    </ClCompile>
    <ClCompile Include="Controller.cpp">
      <Filter>Source Files</Filter>
    </ClCompile>
    <ClCompile Include="Settings.cpp">
      <Filter>Source Files</Filter>
    </ClCompile>
    <ClCompile Include="commandline.cpp">
      <Filter>Source Files</Filter>
    </ClCompile>
    <ClCompile Include="Command.cpp">
      <Filter>Source Files</Filter>
    </ClCompile>
    <ClCompile Include="World.cpp">
      <Filter>Source Files\World</Filter>
    </ClCompile>
    <ClCompile Include="Vector2.cpp">
      <Filter>Source Files</Filter>
    </ClCompile>
    <ClCompile Include="Graphic.cpp">
      <Filter>Source Files</Filter>
    </ClCompile>
    <ClCompile Include="Ant.cpp">
      <Filter>Source Files\World</Filter>
    </ClCompile>
    <ClCompile Include="AntContainer.cpp">
      <Filter>Source Files\World</Filter>
    </ClCompile>
    <ClCompile Include="Body.cpp">
      <Filter>Source Files\World</Filter>
    </ClCompile>
    <ClCompile Include="Pheromones.cpp">
      <Filter>Source Files\World</Filter>
    </ClCompile>
    <ClCompile Include="ActionDriver.cpp">
      <Filter>Source Files</Filter>
    </ClCompile>
    <ClCompile Include="SensorDriver.cpp">
      <Filter>Source Files</Filter>
    </ClCompile>
  </ItemGroup>
  <ItemGroup>
    <ClInclude Include="Controller.h">
      <Filter>Header Files</Filter>
    </ClInclude>
    <ClInclude Include="main.h">
      <Filter>Header Files</Filter>
    </ClInclude>
    <ClInclude Include="Settings.h">
      <Filter>Header Files</Filter>
    </ClInclude>
    <ClInclude Include="Core.h">
      <Filter>Header Files</Filter>
    </ClInclude>
    <ClInclude Include="commonFuctions.h">
      <Filter>Header Files</Filter>
    </ClInclude>
    <ClInclude Include="callbacklist.h">
      <Filter>Header Files\UI</Filter>
    </ClInclude>
    <ClInclude Include="commandline.h">
      <Filter>Header Files\UI</Filter>
    </ClInclude>
    <ClInclude Include="value.h">
      <Filter>Header Files\Event System</Filter>
    </ClInclude>
    <ClInclude Include="event.h">
      <Filter>Header Files\Event System</Filter>
    </ClInclude>
    <ClInclude Include="observer.h">
      <Filter>Header Files\Event System</Filter>
    </ClInclude>
    <ClInclude Include="World.h">
      <Filter>Header Files\World</Filter>
    </ClInclude>
    <ClInclude Include="Ant.h">
      <Filter>Header Files\World</Filter>
    </ClInclude>
    <ClInclude Include="Vector2.h">
      <Filter>Header Files</Filter>
    </ClInclude>
    <ClInclude Include="Graphic.h">
      <Filter>Header Files\UI</Filter>
    </ClInclude>
    <ClInclude Include="Pheromones.h">
      <Filter>Header Files\World</Filter>
    </ClInclude>
    <ClInclude Include="Command.h">
      <Filter>Header Files\UI</Filter>
    </ClInclude>
    <ClInclude Include="Body.h">
      <Filter>Header Files\World</Filter>
    </ClInclude>
    <ClInclude Include="AntContainer.h">
      <Filter>Header Files\World</Filter>
    </ClInclude>
    <ClInclude Include="ActionDriver.h">
      <Filter>Header Files</Filter>
    </ClInclude>
    <ClInclude Include="SensorDriver.h">
      <Filter>Header Files</Filter>
    </ClInclude>
  </ItemGroup>
</Project>